// !$*UTF8*$!
{
	archiveVersion = 1;
	classes = {
	};
	objectVersion = 56;
	objects = {

/* Begin PBXBuildFile section */
		300D3E232BF242AC005747F1 /* SectionButtonView.swift in Sources */ = {isa = PBXBuildFile; fileRef = 300D3E212BF242AC005747F1 /* SectionButtonView.swift */; };
		300D3E242BF242AC005747F1 /* StockItemCard.swift in Sources */ = {isa = PBXBuildFile; fileRef = 300D3E222BF242AC005747F1 /* StockItemCard.swift */; };
		300D3E262BF242E9005747F1 /* GetCryptoCurrencies.swift in Sources */ = {isa = PBXBuildFile; fileRef = 300D3E252BF242E9005747F1 /* GetCryptoCurrencies.swift */; };
		300D3E292BF2431C005747F1 /* CryptoListView.swift in Sources */ = {isa = PBXBuildFile; fileRef = 300D3E272BF2431C005747F1 /* CryptoListView.swift */; };
		3035B9E42BF633190078D23B /* CryptoDetailsView.swift in Sources */ = {isa = PBXBuildFile; fileRef = 3035B9E32BF633190078D23B /* CryptoDetailsView.swift */; };
		3035B9E62BF638E40078D23B /* GetCryptoCurrencyDetails.swift in Sources */ = {isa = PBXBuildFile; fileRef = 3035B9E52BF638E40078D23B /* GetCryptoCurrencyDetails.swift */; };
		3035B9E92BF64A120078D23B /* TestPrint.swift in Sources */ = {isa = PBXBuildFile; fileRef = 3035B9E82BF64A120078D23B /* TestPrint.swift */; };
		30EEFA0B2BF710F000C93501 /* CryptoCurrencyDetailsModel.swift in Sources */ = {isa = PBXBuildFile; fileRef = 30EEFA0A2BF710F000C93501 /* CryptoCurrencyDetailsModel.swift */; };
		5B8F9DC52BE5204000473176 /* HomeViewModel.swift in Sources */ = {isa = PBXBuildFile; fileRef = 5B8F9DC42BE5204000473176 /* HomeViewModel.swift */; };
		5BC573FF2BF701CE0022F967 /* ListItemView2.swift in Sources */ = {isa = PBXBuildFile; fileRef = 5BC573FE2BF701CE0022F967 /* ListItemView2.swift */; };
		D5936A5B2BE1BBDE00D28A6F /* CryptoWalletApp.swift in Sources */ = {isa = PBXBuildFile; fileRef = D5936A5A2BE1BBDE00D28A6F /* CryptoWalletApp.swift */; };
		D5936A5D2BE1BBDE00D28A6F /* ContentView.swift in Sources */ = {isa = PBXBuildFile; fileRef = D5936A5C2BE1BBDE00D28A6F /* ContentView.swift */; };
		D5936A5F2BE1BBE700D28A6F /* Assets.xcassets in Resources */ = {isa = PBXBuildFile; fileRef = D5936A5E2BE1BBE700D28A6F /* Assets.xcassets */; };
		D5936A622BE1BBE700D28A6F /* Preview Assets.xcassets in Resources */ = {isa = PBXBuildFile; fileRef = D5936A612BE1BBE700D28A6F /* Preview Assets.xcassets */; };
		D5936A6A2BE1CDA200D28A6F /* HomeView.swift in Sources */ = {isa = PBXBuildFile; fileRef = D5936A692BE1CDA200D28A6F /* HomeView.swift */; };
		D5936A6E2BE1CDEB00D28A6F /* ProfileView.swift in Sources */ = {isa = PBXBuildFile; fileRef = D5936A6D2BE1CDEB00D28A6F /* ProfileView.swift */; };
		D5936A712BE1CFB900D28A6F /* WelcomeView.swift in Sources */ = {isa = PBXBuildFile; fileRef = D5936A702BE1CFB900D28A6F /* WelcomeView.swift */; };
		D5936A742BE1D24D00D28A6F /* FontUtils.swift in Sources */ = {isa = PBXBuildFile; fileRef = D5936A732BE1D24D00D28A6F /* FontUtils.swift */; };
		D5936A7E2BE1FD0D00D28A6F /* NewWalletView.swift in Sources */ = {isa = PBXBuildFile; fileRef = D5936A7D2BE1FD0D00D28A6F /* NewWalletView.swift */; };
		D5936A812BE1FD7A00D28A6F /* LoadingView.swift in Sources */ = {isa = PBXBuildFile; fileRef = D5936A802BE1FD7A00D28A6F /* LoadingView.swift */; };
		D5936A8A2BECD2BA00D28A6F /* InputView.swift in Sources */ = {isa = PBXBuildFile; fileRef = D5936A892BECD2BA00D28A6F /* InputView.swift */; };
		D5936A8D2BECD90100D28A6F /* LoginView.swift in Sources */ = {isa = PBXBuildFile; fileRef = D5936A8C2BECD90100D28A6F /* LoginView.swift */; };
		D5936A8F2BECDD1400D28A6F /* GoogleService-Info.plist in Resources */ = {isa = PBXBuildFile; fileRef = D5936A8E2BECDD1400D28A6F /* GoogleService-Info.plist */; };
		D5936A922BECDF6F00D28A6F /* FirebaseAuth in Frameworks */ = {isa = PBXBuildFile; productRef = D5936A912BECDF6F00D28A6F /* FirebaseAuth */; };
		D5936A942BECDF6F00D28A6F /* FirebaseFirestore in Frameworks */ = {isa = PBXBuildFile; productRef = D5936A932BECDF6F00D28A6F /* FirebaseFirestore */; };
		D5936A962BECDF6F00D28A6F /* FirebaseFirestoreSwift in Frameworks */ = {isa = PBXBuildFile; productRef = D5936A952BECDF6F00D28A6F /* FirebaseFirestoreSwift */; };
		D5936A982BECDF6F00D28A6F /* FirebaseStorage in Frameworks */ = {isa = PBXBuildFile; productRef = D5936A972BECDF6F00D28A6F /* FirebaseStorage */; };
		D5936A9A2BECDFCF00D28A6F /* AuthViewModel.swift in Sources */ = {isa = PBXBuildFile; fileRef = D5936A992BECDFCF00D28A6F /* AuthViewModel.swift */; };
		D5936A9C2BECE87400D28A6F /* User.swift in Sources */ = {isa = PBXBuildFile; fileRef = D5936A9B2BECE87400D28A6F /* User.swift */; };
		D5936A9E2BECF9F700D28A6F /* SettingsRowView.swift in Sources */ = {isa = PBXBuildFile; fileRef = D5936A9D2BECF9F700D28A6F /* SettingsRowView.swift */; };
		D5936AA12BED093F00D28A6F /* MainView.swift in Sources */ = {isa = PBXBuildFile; fileRef = D5936AA02BED093F00D28A6F /* MainView.swift */; };
		D5936AA52BED0C8A00D28A6F /* BottomNavigationView.swift in Sources */ = {isa = PBXBuildFile; fileRef = D5936AA42BED0C8A00D28A6F /* BottomNavigationView.swift */; };
		D5936AA72BEEF90800D28A6F /* ListItemView.swift in Sources */ = {isa = PBXBuildFile; fileRef = D5936AA62BEEF90800D28A6F /* ListItemView.swift */; };
		D5936AA92BEEF95A00D28A6F /* Coin.swift in Sources */ = {isa = PBXBuildFile; fileRef = D5936AA82BEEF95A00D28A6F /* Coin.swift */; };
/* End PBXBuildFile section */

/* Begin PBXFileReference section */
		300D3E212BF242AC005747F1 /* SectionButtonView.swift */ = {isa = PBXFileReference; fileEncoding = 4; lastKnownFileType = sourcecode.swift; path = SectionButtonView.swift; sourceTree = "<group>"; };
		300D3E222BF242AC005747F1 /* StockItemCard.swift */ = {isa = PBXFileReference; fileEncoding = 4; lastKnownFileType = sourcecode.swift; path = StockItemCard.swift; sourceTree = "<group>"; };
		300D3E252BF242E9005747F1 /* GetCryptoCurrencies.swift */ = {isa = PBXFileReference; fileEncoding = 4; lastKnownFileType = sourcecode.swift; path = GetCryptoCurrencies.swift; sourceTree = "<group>"; };
		300D3E272BF2431C005747F1 /* CryptoListView.swift */ = {isa = PBXFileReference; fileEncoding = 4; lastKnownFileType = sourcecode.swift; path = CryptoListView.swift; sourceTree = "<group>"; };
		3035B9E32BF633190078D23B /* CryptoDetailsView.swift */ = {isa = PBXFileReference; lastKnownFileType = sourcecode.swift; path = CryptoDetailsView.swift; sourceTree = "<group>"; };
		3035B9E52BF638E40078D23B /* GetCryptoCurrencyDetails.swift */ = {isa = PBXFileReference; lastKnownFileType = sourcecode.swift; path = GetCryptoCurrencyDetails.swift; sourceTree = "<group>"; };
		3035B9E82BF64A120078D23B /* TestPrint.swift */ = {isa = PBXFileReference; lastKnownFileType = sourcecode.swift; path = TestPrint.swift; sourceTree = "<group>"; };
		309FC1E82BF7739300827EBC /* README.md */ = {isa = PBXFileReference; lastKnownFileType = net.daringfireball.markdown; path = README.md; sourceTree = "<group>"; };
		30EEFA0A2BF710F000C93501 /* CryptoCurrencyDetailsModel.swift */ = {isa = PBXFileReference; lastKnownFileType = sourcecode.swift; path = CryptoCurrencyDetailsModel.swift; sourceTree = "<group>"; };
		5B8F9DC42BE5204000473176 /* HomeViewModel.swift */ = {isa = PBXFileReference; lastKnownFileType = sourcecode.swift; path = HomeViewModel.swift; sourceTree = "<group>"; };
		5BC573FE2BF701CE0022F967 /* ListItemView2.swift */ = {isa = PBXFileReference; lastKnownFileType = sourcecode.swift; path = ListItemView2.swift; sourceTree = "<group>"; };
		D5936A572BE1BBDE00D28A6F /* CryptoWallet.app */ = {isa = PBXFileReference; explicitFileType = wrapper.application; includeInIndex = 0; path = CryptoWallet.app; sourceTree = BUILT_PRODUCTS_DIR; };
		D5936A5A2BE1BBDE00D28A6F /* CryptoWalletApp.swift */ = {isa = PBXFileReference; lastKnownFileType = sourcecode.swift; path = CryptoWalletApp.swift; sourceTree = "<group>"; };
		D5936A5C2BE1BBDE00D28A6F /* ContentView.swift */ = {isa = PBXFileReference; lastKnownFileType = sourcecode.swift; path = ContentView.swift; sourceTree = "<group>"; };
		D5936A5E2BE1BBE700D28A6F /* Assets.xcassets */ = {isa = PBXFileReference; lastKnownFileType = folder.assetcatalog; path = Assets.xcassets; sourceTree = "<group>"; };
		D5936A612BE1BBE700D28A6F /* Preview Assets.xcassets */ = {isa = PBXFileReference; lastKnownFileType = folder.assetcatalog; path = "Preview Assets.xcassets"; sourceTree = "<group>"; };
		D5936A692BE1CDA200D28A6F /* HomeView.swift */ = {isa = PBXFileReference; lastKnownFileType = sourcecode.swift; path = HomeView.swift; sourceTree = "<group>"; };
		D5936A6D2BE1CDEB00D28A6F /* ProfileView.swift */ = {isa = PBXFileReference; lastKnownFileType = sourcecode.swift; path = ProfileView.swift; sourceTree = "<group>"; };
		D5936A702BE1CFB900D28A6F /* WelcomeView.swift */ = {isa = PBXFileReference; lastKnownFileType = sourcecode.swift; path = WelcomeView.swift; sourceTree = "<group>"; };
		D5936A732BE1D24D00D28A6F /* FontUtils.swift */ = {isa = PBXFileReference; lastKnownFileType = sourcecode.swift; path = FontUtils.swift; sourceTree = "<group>"; };
		D5936A7D2BE1FD0D00D28A6F /* NewWalletView.swift */ = {isa = PBXFileReference; lastKnownFileType = sourcecode.swift; path = NewWalletView.swift; sourceTree = "<group>"; };
		D5936A802BE1FD7A00D28A6F /* LoadingView.swift */ = {isa = PBXFileReference; lastKnownFileType = sourcecode.swift; path = LoadingView.swift; sourceTree = "<group>"; };
		D5936A892BECD2BA00D28A6F /* InputView.swift */ = {isa = PBXFileReference; lastKnownFileType = sourcecode.swift; path = InputView.swift; sourceTree = "<group>"; };
		D5936A8C2BECD90100D28A6F /* LoginView.swift */ = {isa = PBXFileReference; lastKnownFileType = sourcecode.swift; path = LoginView.swift; sourceTree = "<group>"; };
		D5936A8E2BECDD1400D28A6F /* GoogleService-Info.plist */ = {isa = PBXFileReference; fileEncoding = 4; lastKnownFileType = text.plist.xml; path = "GoogleService-Info.plist"; sourceTree = SOURCE_ROOT; };
		D5936A992BECDFCF00D28A6F /* AuthViewModel.swift */ = {isa = PBXFileReference; lastKnownFileType = sourcecode.swift; path = AuthViewModel.swift; sourceTree = "<group>"; };
		D5936A9B2BECE87400D28A6F /* User.swift */ = {isa = PBXFileReference; lastKnownFileType = sourcecode.swift; path = User.swift; sourceTree = "<group>"; };
		D5936A9D2BECF9F700D28A6F /* SettingsRowView.swift */ = {isa = PBXFileReference; lastKnownFileType = sourcecode.swift; path = SettingsRowView.swift; sourceTree = "<group>"; };
		D5936AA02BED093F00D28A6F /* MainView.swift */ = {isa = PBXFileReference; lastKnownFileType = sourcecode.swift; path = MainView.swift; sourceTree = "<group>"; };
		D5936AA42BED0C8A00D28A6F /* BottomNavigationView.swift */ = {isa = PBXFileReference; lastKnownFileType = sourcecode.swift; path = BottomNavigationView.swift; sourceTree = "<group>"; };
		D5936AA62BEEF90800D28A6F /* ListItemView.swift */ = {isa = PBXFileReference; lastKnownFileType = sourcecode.swift; path = ListItemView.swift; sourceTree = "<group>"; };
		D5936AA82BEEF95A00D28A6F /* Coin.swift */ = {isa = PBXFileReference; lastKnownFileType = sourcecode.swift; path = Coin.swift; sourceTree = "<group>"; };
/* End PBXFileReference section */

/* Begin PBXFrameworksBuildPhase section */
		D5936A542BE1BBDE00D28A6F /* Frameworks */ = {
			isa = PBXFrameworksBuildPhase;
			buildActionMask = 2147483647;
			files = (
				D5936A922BECDF6F00D28A6F /* FirebaseAuth in Frameworks */,
				D5936A982BECDF6F00D28A6F /* FirebaseStorage in Frameworks */,
				D5936A942BECDF6F00D28A6F /* FirebaseFirestore in Frameworks */,
				D5936A962BECDF6F00D28A6F /* FirebaseFirestoreSwift in Frameworks */,
			);
			runOnlyForDeploymentPostprocessing = 0;
		};
/* End PBXFrameworksBuildPhase section */

/* Begin PBXGroup section */
		300D3E282BF2431C005747F1 /* CryptoListView */ = {
			isa = PBXGroup;
			children = (
				300D3E272BF2431C005747F1 /* CryptoListView.swift */,
			);
			path = CryptoListView;
			sourceTree = "<group>";
		};
		3035B9E22BF632FD0078D23B /* CryptoDetailsView */ = {
			isa = PBXGroup;
			children = (
				3035B9E32BF633190078D23B /* CryptoDetailsView.swift */,
			);
			path = CryptoDetailsView;
			sourceTree = "<group>";
		};
		3035B9E72BF649DA0078D23B /* TestFiles */ = {
			isa = PBXGroup;
			children = (
				3035B9E82BF64A120078D23B /* TestPrint.swift */,
			);
			path = TestFiles;
			sourceTree = "<group>";
		};
		D5936A4E2BE1BBDD00D28A6F = {
			isa = PBXGroup;
			children = (
				D5936A592BE1BBDE00D28A6F /* CryptoWallet */,
				D5936A582BE1BBDE00D28A6F /* Products */,
			);
			sourceTree = "<group>";
		};
		D5936A582BE1BBDE00D28A6F /* Products */ = {
			isa = PBXGroup;
			children = (
				D5936A572BE1BBDE00D28A6F /* CryptoWallet.app */,
			);
			name = Products;
			sourceTree = "<group>";
		};
		D5936A592BE1BBDE00D28A6F /* CryptoWallet */ = {
			isa = PBXGroup;
			children = (
				D5936A882BECD29F00D28A6F /* Components */,
				D5936A852BE1FE1100D28A6F /* Models */,
				D5936A722BE1D22C00D28A6F /* Utils */,
				D5936A682BE1CD1800D28A6F /* Views */,
				D5936A5A2BE1BBDE00D28A6F /* CryptoWalletApp.swift */,
				D5936A5C2BE1BBDE00D28A6F /* ContentView.swift */,
				D5936A5E2BE1BBE700D28A6F /* Assets.xcassets */,
				D5936A8E2BECDD1400D28A6F /* GoogleService-Info.plist */,
				D5936A602BE1BBE700D28A6F /* Preview Content */,
				309FC1E82BF7739300827EBC /* README.md */,
			);
			path = CryptoWallet;
			sourceTree = "<group>";
		};
		D5936A602BE1BBE700D28A6F /* Preview Content */ = {
			isa = PBXGroup;
			children = (
				D5936A612BE1BBE700D28A6F /* Preview Assets.xcassets */,
			);
			path = "Preview Content";
			sourceTree = "<group>";
		};
		D5936A682BE1CD1800D28A6F /* Views */ = {
			isa = PBXGroup;
			children = (
				3035B9E22BF632FD0078D23B /* CryptoDetailsView */,
				300D3E282BF2431C005747F1 /* CryptoListView */,
				D5936A9F2BED092300D28A6F /* MainView */,
				D5936A8B2BECD83F00D28A6F /* Login */,
				D5936A7F2BE1FD4200D28A6F /* LoadingView */,
				D5936A7C2BE1FCF500D28A6F /* NewWalletView */,
				D5936A6F2BE1CF9E00D28A6F /* WelcomeView */,
				D5936A6C2BE1CDD200D28A6F /* ProfileView */,
				D5936A6B2BE1CDC000D28A6F /* HomeView */,
				3035B9E72BF649DA0078D23B /* TestFiles */,
			);
			path = Views;
			sourceTree = "<group>";
		};
		D5936A6B2BE1CDC000D28A6F /* HomeView */ = {
			isa = PBXGroup;
			children = (
				D5936A692BE1CDA200D28A6F /* HomeView.swift */,
				5B8F9DC42BE5204000473176 /* HomeViewModel.swift */,
			);
			path = HomeView;
			sourceTree = "<group>";
		};
		D5936A6C2BE1CDD200D28A6F /* ProfileView */ = {
			isa = PBXGroup;
			children = (
				D5936A6D2BE1CDEB00D28A6F /* ProfileView.swift */,
			);
			path = ProfileView;
			sourceTree = "<group>";
		};
		D5936A6F2BE1CF9E00D28A6F /* WelcomeView */ = {
			isa = PBXGroup;
			children = (
				D5936A702BE1CFB900D28A6F /* WelcomeView.swift */,
			);
			path = WelcomeView;
			sourceTree = "<group>";
		};
		D5936A722BE1D22C00D28A6F /* Utils */ = {
			isa = PBXGroup;
			children = (
				D5936A732BE1D24D00D28A6F /* FontUtils.swift */,
			);
			path = Utils;
			sourceTree = "<group>";
		};
		D5936A7C2BE1FCF500D28A6F /* NewWalletView */ = {
			isa = PBXGroup;
			children = (
				D5936A7D2BE1FD0D00D28A6F /* NewWalletView.swift */,
			);
			path = NewWalletView;
			sourceTree = "<group>";
		};
		D5936A7F2BE1FD4200D28A6F /* LoadingView */ = {
			isa = PBXGroup;
			children = (
				D5936A802BE1FD7A00D28A6F /* LoadingView.swift */,
			);
			path = LoadingView;
			sourceTree = "<group>";
		};
		D5936A852BE1FE1100D28A6F /* Models */ = {
			isa = PBXGroup;
			children = (
				300D3E252BF242E9005747F1 /* GetCryptoCurrencies.swift */,
				3035B9E52BF638E40078D23B /* GetCryptoCurrencyDetails.swift */,
				D5936A992BECDFCF00D28A6F /* AuthViewModel.swift */,
				D5936A9B2BECE87400D28A6F /* User.swift */,
				D5936AA82BEEF95A00D28A6F /* Coin.swift */,
				30EEFA0A2BF710F000C93501 /* CryptoCurrencyDetailsModel.swift */,
			);
			path = Models;
			sourceTree = "<group>";
		};
		D5936A882BECD29F00D28A6F /* Components */ = {
			isa = PBXGroup;
			children = (
				300D3E212BF242AC005747F1 /* SectionButtonView.swift */,
				300D3E222BF242AC005747F1 /* StockItemCard.swift */,
				D5936A892BECD2BA00D28A6F /* InputView.swift */,
				D5936A9D2BECF9F700D28A6F /* SettingsRowView.swift */,
				D5936AA42BED0C8A00D28A6F /* BottomNavigationView.swift */,
				D5936AA62BEEF90800D28A6F /* ListItemView.swift */,
				5BC573FE2BF701CE0022F967 /* ListItemView2.swift */,
			);
			path = Components;
			sourceTree = "<group>";
		};
		D5936A8B2BECD83F00D28A6F /* Login */ = {
			isa = PBXGroup;
			children = (
				D5936A8C2BECD90100D28A6F /* LoginView.swift */,
			);
			path = Login;
			sourceTree = "<group>";
		};
		D5936A9F2BED092300D28A6F /* MainView */ = {
			isa = PBXGroup;
			children = (
				D5936AA02BED093F00D28A6F /* MainView.swift */,
			);
			path = MainView;
			sourceTree = "<group>";
		};
/* End PBXGroup section */

/* Begin PBXNativeTarget section */
		D5936A562BE1BBDE00D28A6F /* CryptoWallet */ = {
			isa = PBXNativeTarget;
			buildConfigurationList = D5936A652BE1BBE700D28A6F /* Build configuration list for PBXNativeTarget "CryptoWallet" */;
			buildPhases = (
				D5936A532BE1BBDE00D28A6F /* Sources */,
				D5936A542BE1BBDE00D28A6F /* Frameworks */,
				D5936A552BE1BBDE00D28A6F /* Resources */,
			);
			buildRules = (
			);
			dependencies = (
			);
			name = CryptoWallet;
			packageProductDependencies = (
				D5936A912BECDF6F00D28A6F /* FirebaseAuth */,
				D5936A932BECDF6F00D28A6F /* FirebaseFirestore */,
				D5936A952BECDF6F00D28A6F /* FirebaseFirestoreSwift */,
				D5936A972BECDF6F00D28A6F /* FirebaseStorage */,
			);
			productName = CryptoWallet;
			productReference = D5936A572BE1BBDE00D28A6F /* CryptoWallet.app */;
			productType = "com.apple.product-type.application";
		};
/* End PBXNativeTarget section */

/* Begin PBXProject section */
		D5936A4F2BE1BBDD00D28A6F /* Project object */ = {
			isa = PBXProject;
			attributes = {
				BuildIndependentTargetsInParallel = 1;
				LastSwiftUpdateCheck = 1530;
				LastUpgradeCheck = 1530;
				TargetAttributes = {
					D5936A562BE1BBDE00D28A6F = {
						CreatedOnToolsVersion = 15.3;
					};
				};
			};
			buildConfigurationList = D5936A522BE1BBDD00D28A6F /* Build configuration list for PBXProject "CryptoWallet" */;
			compatibilityVersion = "Xcode 14.0";
			developmentRegion = en;
			hasScannedForEncodings = 0;
			knownRegions = (
				en,
				Base,
			);
			mainGroup = D5936A4E2BE1BBDD00D28A6F;
			packageReferences = (
				D5936A902BECDF6F00D28A6F /* XCRemoteSwiftPackageReference "firebase-ios-sdk" */,
			);
			productRefGroup = D5936A582BE1BBDE00D28A6F /* Products */;
			projectDirPath = "";
			projectRoot = "";
			targets = (
				D5936A562BE1BBDE00D28A6F /* CryptoWallet */,
			);
		};
/* End PBXProject section */

/* Begin PBXResourcesBuildPhase section */
		D5936A552BE1BBDE00D28A6F /* Resources */ = {
			isa = PBXResourcesBuildPhase;
			buildActionMask = 2147483647;
			files = (
				D5936A622BE1BBE700D28A6F /* Preview Assets.xcassets in Resources */,
				D5936A5F2BE1BBE700D28A6F /* Assets.xcassets in Resources */,
				D5936A8F2BECDD1400D28A6F /* GoogleService-Info.plist in Resources */,
			);
			runOnlyForDeploymentPostprocessing = 0;
		};
/* End PBXResourcesBuildPhase section */

/* Begin PBXSourcesBuildPhase section */
		D5936A532BE1BBDE00D28A6F /* Sources */ = {
			isa = PBXSourcesBuildPhase;
			buildActionMask = 2147483647;
			files = (
				D5936AA92BEEF95A00D28A6F /* Coin.swift in Sources */,
				D5936A9C2BECE87400D28A6F /* User.swift in Sources */,
				300D3E232BF242AC005747F1 /* SectionButtonView.swift in Sources */,
				3035B9E62BF638E40078D23B /* GetCryptoCurrencyDetails.swift in Sources */,
				30EEFA0B2BF710F000C93501 /* CryptoCurrencyDetailsModel.swift in Sources */,
				D5936AA72BEEF90800D28A6F /* ListItemView.swift in Sources */,
				D5936A6E2BE1CDEB00D28A6F /* ProfileView.swift in Sources */,
				5B8F9DC52BE5204000473176 /* HomeViewModel.swift in Sources */,
				3035B9E42BF633190078D23B /* CryptoDetailsView.swift in Sources */,
				D5936A6A2BE1CDA200D28A6F /* HomeView.swift in Sources */,
				D5936A5D2BE1BBDE00D28A6F /* ContentView.swift in Sources */,
				D5936AA52BED0C8A00D28A6F /* BottomNavigationView.swift in Sources */,
				D5936A712BE1CFB900D28A6F /* WelcomeView.swift in Sources */,
				D5936A9E2BECF9F700D28A6F /* SettingsRowView.swift in Sources */,
				D5936A7E2BE1FD0D00D28A6F /* NewWalletView.swift in Sources */,
				D5936A812BE1FD7A00D28A6F /* LoadingView.swift in Sources */,
				300D3E292BF2431C005747F1 /* CryptoListView.swift in Sources */,
				5BC573FF2BF701CE0022F967 /* ListItemView2.swift in Sources */,
				D5936A8A2BECD2BA00D28A6F /* InputView.swift in Sources */,
				300D3E262BF242E9005747F1 /* GetCryptoCurrencies.swift in Sources */,
				D5936A9A2BECDFCF00D28A6F /* AuthViewModel.swift in Sources */,
				D5936A8D2BECD90100D28A6F /* LoginView.swift in Sources */,
				D5936A742BE1D24D00D28A6F /* FontUtils.swift in Sources */,
				D5936AA12BED093F00D28A6F /* MainView.swift in Sources */,
				D5936A5B2BE1BBDE00D28A6F /* CryptoWalletApp.swift in Sources */,
				300D3E242BF242AC005747F1 /* StockItemCard.swift in Sources */,
				3035B9E92BF64A120078D23B /* TestPrint.swift in Sources */,
			);
			runOnlyForDeploymentPostprocessing = 0;
		};
/* End PBXSourcesBuildPhase section */

/* Begin XCBuildConfiguration section */
		D5936A632BE1BBE700D28A6F /* Debug */ = {
			isa = XCBuildConfiguration;
			buildSettings = {
				ALWAYS_SEARCH_USER_PATHS = NO;
				ASSETCATALOG_COMPILER_GENERATE_SWIFT_ASSET_SYMBOL_EXTENSIONS = YES;
				CLANG_ANALYZER_NONNULL = YES;
				CLANG_ANALYZER_NUMBER_OBJECT_CONVERSION = YES_AGGRESSIVE;
				CLANG_CXX_LANGUAGE_STANDARD = "gnu++20";
				CLANG_ENABLE_MODULES = YES;
				CLANG_ENABLE_OBJC_ARC = YES;
				CLANG_ENABLE_OBJC_WEAK = YES;
				CLANG_WARN_BLOCK_CAPTURE_AUTORELEASING = YES;
				CLANG_WARN_BOOL_CONVERSION = YES;
				CLANG_WARN_COMMA = YES;
				CLANG_WARN_CONSTANT_CONVERSION = YES;
				CLANG_WARN_DEPRECATED_OBJC_IMPLEMENTATIONS = YES;
				CLANG_WARN_DIRECT_OBJC_ISA_USAGE = YES_ERROR;
				CLANG_WARN_DOCUMENTATION_COMMENTS = YES;
				CLANG_WARN_EMPTY_BODY = YES;
				CLANG_WARN_ENUM_CONVERSION = YES;
				CLANG_WARN_INFINITE_RECURSION = YES;
				CLANG_WARN_INT_CONVERSION = YES;
				CLANG_WARN_NON_LITERAL_NULL_CONVERSION = YES;
				CLANG_WARN_OBJC_IMPLICIT_RETAIN_SELF = YES;
				CLANG_WARN_OBJC_LITERAL_CONVERSION = YES;
				CLANG_WARN_OBJC_ROOT_CLASS = YES_ERROR;
				CLANG_WARN_QUOTED_INCLUDE_IN_FRAMEWORK_HEADER = YES;
				CLANG_WARN_RANGE_LOOP_ANALYSIS = YES;
				CLANG_WARN_STRICT_PROTOTYPES = YES;
				CLANG_WARN_SUSPICIOUS_MOVE = YES;
				CLANG_WARN_UNGUARDED_AVAILABILITY = YES_AGGRESSIVE;
				CLANG_WARN_UNREACHABLE_CODE = YES;
				CLANG_WARN__DUPLICATE_METHOD_MATCH = YES;
				COPY_PHASE_STRIP = NO;
				DEBUG_INFORMATION_FORMAT = dwarf;
				ENABLE_STRICT_OBJC_MSGSEND = YES;
				ENABLE_TESTABILITY = YES;
				ENABLE_USER_SCRIPT_SANDBOXING = YES;
				GCC_C_LANGUAGE_STANDARD = gnu17;
				GCC_DYNAMIC_NO_PIC = NO;
				GCC_NO_COMMON_BLOCKS = YES;
				GCC_OPTIMIZATION_LEVEL = 0;
				GCC_PREPROCESSOR_DEFINITIONS = (
					"DEBUG=1",
					"$(inherited)",
				);
				GCC_WARN_64_TO_32_BIT_CONVERSION = YES;
				GCC_WARN_ABOUT_RETURN_TYPE = YES_ERROR;
				GCC_WARN_UNDECLARED_SELECTOR = YES;
				GCC_WARN_UNINITIALIZED_AUTOS = YES_AGGRESSIVE;
				GCC_WARN_UNUSED_FUNCTION = YES;
				GCC_WARN_UNUSED_VARIABLE = YES;
				IPHONEOS_DEPLOYMENT_TARGET = 17.4;
				LOCALIZATION_PREFERS_STRING_CATALOGS = YES;
				MTL_ENABLE_DEBUG_INFO = INCLUDE_SOURCE;
				MTL_FAST_MATH = YES;
				ONLY_ACTIVE_ARCH = YES;
				SDKROOT = iphoneos;
				SWIFT_ACTIVE_COMPILATION_CONDITIONS = "DEBUG $(inherited)";
				SWIFT_OPTIMIZATION_LEVEL = "-Onone";
			};
			name = Debug;
		};
		D5936A642BE1BBE700D28A6F /* Release */ = {
			isa = XCBuildConfiguration;
			buildSettings = {
				ALWAYS_SEARCH_USER_PATHS = NO;
				ASSETCATALOG_COMPILER_GENERATE_SWIFT_ASSET_SYMBOL_EXTENSIONS = YES;
				CLANG_ANALYZER_NONNULL = YES;
				CLANG_ANALYZER_NUMBER_OBJECT_CONVERSION = YES_AGGRESSIVE;
				CLANG_CXX_LANGUAGE_STANDARD = "gnu++20";
				CLANG_ENABLE_MODULES = YES;
				CLANG_ENABLE_OBJC_ARC = YES;
				CLANG_ENABLE_OBJC_WEAK = YES;
				CLANG_WARN_BLOCK_CAPTURE_AUTORELEASING = YES;
				CLANG_WARN_BOOL_CONVERSION = YES;
				CLANG_WARN_COMMA = YES;
				CLANG_WARN_CONSTANT_CONVERSION = YES;
				CLANG_WARN_DEPRECATED_OBJC_IMPLEMENTATIONS = YES;
				CLANG_WARN_DIRECT_OBJC_ISA_USAGE = YES_ERROR;
				CLANG_WARN_DOCUMENTATION_COMMENTS = YES;
				CLANG_WARN_EMPTY_BODY = YES;
				CLANG_WARN_ENUM_CONVERSION = YES;
				CLANG_WARN_INFINITE_RECURSION = YES;
				CLANG_WARN_INT_CONVERSION = YES;
				CLANG_WARN_NON_LITERAL_NULL_CONVERSION = YES;
				CLANG_WARN_OBJC_IMPLICIT_RETAIN_SELF = YES;
				CLANG_WARN_OBJC_LITERAL_CONVERSION = YES;
				CLANG_WARN_OBJC_ROOT_CLASS = YES_ERROR;
				CLANG_WARN_QUOTED_INCLUDE_IN_FRAMEWORK_HEADER = YES;
				CLANG_WARN_RANGE_LOOP_ANALYSIS = YES;
				CLANG_WARN_STRICT_PROTOTYPES = YES;
				CLANG_WARN_SUSPICIOUS_MOVE = YES;
				CLANG_WARN_UNGUARDED_AVAILABILITY = YES_AGGRESSIVE;
				CLANG_WARN_UNREACHABLE_CODE = YES;
				CLANG_WARN__DUPLICATE_METHOD_MATCH = YES;
				COPY_PHASE_STRIP = NO;
				DEBUG_INFORMATION_FORMAT = "dwarf-with-dsym";
				ENABLE_NS_ASSERTIONS = NO;
				ENABLE_STRICT_OBJC_MSGSEND = YES;
				ENABLE_USER_SCRIPT_SANDBOXING = YES;
				GCC_C_LANGUAGE_STANDARD = gnu17;
				GCC_NO_COMMON_BLOCKS = YES;
				GCC_WARN_64_TO_32_BIT_CONVERSION = YES;
				GCC_WARN_ABOUT_RETURN_TYPE = YES_ERROR;
				GCC_WARN_UNDECLARED_SELECTOR = YES;
				GCC_WARN_UNINITIALIZED_AUTOS = YES_AGGRESSIVE;
				GCC_WARN_UNUSED_FUNCTION = YES;
				GCC_WARN_UNUSED_VARIABLE = YES;
				IPHONEOS_DEPLOYMENT_TARGET = 17.4;
				LOCALIZATION_PREFERS_STRING_CATALOGS = YES;
				MTL_ENABLE_DEBUG_INFO = NO;
				MTL_FAST_MATH = YES;
				SDKROOT = iphoneos;
				SWIFT_COMPILATION_MODE = wholemodule;
				VALIDATE_PRODUCT = YES;
			};
			name = Release;
		};
		D5936A662BE1BBE700D28A6F /* Debug */ = {
			isa = XCBuildConfiguration;
			buildSettings = {
				ASSETCATALOG_COMPILER_APPICON_NAME = AppIcon;
				ASSETCATALOG_COMPILER_GLOBAL_ACCENT_COLOR_NAME = AccentColor;
				CODE_SIGN_STYLE = Automatic;
				CURRENT_PROJECT_VERSION = 1;
				DEVELOPMENT_ASSET_PATHS = "\"CryptoWallet/Preview Content\"";
				ENABLE_PREVIEWS = YES;
				GENERATE_INFOPLIST_FILE = YES;
				INFOPLIST_KEY_UIApplicationSceneManifest_Generation = YES;
				INFOPLIST_KEY_UIApplicationSupportsIndirectInputEvents = YES;
				INFOPLIST_KEY_UILaunchScreen_Generation = YES;
				INFOPLIST_KEY_UISupportedInterfaceOrientations_iPad = "UIInterfaceOrientationPortrait UIInterfaceOrientationPortraitUpsideDown UIInterfaceOrientationLandscapeLeft UIInterfaceOrientationLandscapeRight";
				INFOPLIST_KEY_UISupportedInterfaceOrientations_iPhone = "UIInterfaceOrientationPortrait UIInterfaceOrientationLandscapeLeft UIInterfaceOrientationLandscapeRight";
				LD_RUNPATH_SEARCH_PATHS = (
					"$(inherited)",
					"@executable_path/Frameworks",
				);
				MARKETING_VERSION = 1.0;
				PRODUCT_BUNDLE_IDENTIFIER = uts.Assignment.CryptoWallet;
				PRODUCT_NAME = "$(TARGET_NAME)";
				SWIFT_EMIT_LOC_STRINGS = YES;
				SWIFT_VERSION = 5.0;
				TARGETED_DEVICE_FAMILY = "1,2";
			};
			name = Debug;
		};
		D5936A672BE1BBE700D28A6F /* Release */ = {
			isa = XCBuildConfiguration;
			buildSettings = {
				ASSETCATALOG_COMPILER_APPICON_NAME = AppIcon;
				ASSETCATALOG_COMPILER_GLOBAL_ACCENT_COLOR_NAME = AccentColor;
				CODE_SIGN_STYLE = Automatic;
				CURRENT_PROJECT_VERSION = 1;
				DEVELOPMENT_ASSET_PATHS = "\"CryptoWallet/Preview Content\"";
				ENABLE_PREVIEWS = YES;
				GENERATE_INFOPLIST_FILE = YES;
				INFOPLIST_KEY_UIApplicationSceneManifest_Generation = YES;
				INFOPLIST_KEY_UIApplicationSupportsIndirectInputEvents = YES;
				INFOPLIST_KEY_UILaunchScreen_Generation = YES;
				INFOPLIST_KEY_UISupportedInterfaceOrientations_iPad = "UIInterfaceOrientationPortrait UIInterfaceOrientationPortraitUpsideDown UIInterfaceOrientationLandscapeLeft UIInterfaceOrientationLandscapeRight";
				INFOPLIST_KEY_UISupportedInterfaceOrientations_iPhone = "UIInterfaceOrientationPortrait UIInterfaceOrientationLandscapeLeft UIInterfaceOrientationLandscapeRight";
				LD_RUNPATH_SEARCH_PATHS = (
					"$(inherited)",
					"@executable_path/Frameworks",
				);
				MARKETING_VERSION = 1.0;
				PRODUCT_BUNDLE_IDENTIFIER = uts.Assignment.CryptoWallet;
				PRODUCT_NAME = "$(TARGET_NAME)";
				SWIFT_EMIT_LOC_STRINGS = YES;
				SWIFT_VERSION = 5.0;
				TARGETED_DEVICE_FAMILY = "1,2";
			};
			name = Release;
		};
/* End XCBuildConfiguration section */

/* Begin XCConfigurationList section */
		D5936A522BE1BBDD00D28A6F /* Build configuration list for PBXProject "CryptoWallet" */ = {
			isa = XCConfigurationList;
			buildConfigurations = (
				D5936A632BE1BBE700D28A6F /* Debug */,
				D5936A642BE1BBE700D28A6F /* Release */,
			);
			defaultConfigurationIsVisible = 0;
			defaultConfigurationName = Release;
		};
		D5936A652BE1BBE700D28A6F /* Build configuration list for PBXNativeTarget "CryptoWallet" */ = {
			isa = XCConfigurationList;
			buildConfigurations = (
				D5936A662BE1BBE700D28A6F /* Debug */,
				D5936A672BE1BBE700D28A6F /* Release */,
			);
			defaultConfigurationIsVisible = 0;
			defaultConfigurationName = Release;
		};
/* End XCConfigurationList section */

/* Begin XCRemoteSwiftPackageReference section */
		D5936A902BECDF6F00D28A6F /* XCRemoteSwiftPackageReference "firebase-ios-sdk" */ = {
			isa = XCRemoteSwiftPackageReference;
			repositoryURL = "https://github.com/firebase/firebase-ios-sdk/";
			requirement = {
				kind = upToNextMajorVersion;
				minimumVersion = 10.25.0;
			};
		};
/* End XCRemoteSwiftPackageReference section */

/* Begin XCSwiftPackageProductDependency section */
		D5936A912BECDF6F00D28A6F /* FirebaseAuth */ = {
			isa = XCSwiftPackageProductDependency;
			package = D5936A902BECDF6F00D28A6F /* XCRemoteSwiftPackageReference "firebase-ios-sdk" */;
			productName = FirebaseAuth;
		};
		D5936A932BECDF6F00D28A6F /* FirebaseFirestore */ = {
			isa = XCSwiftPackageProductDependency;
			package = D5936A902BECDF6F00D28A6F /* XCRemoteSwiftPackageReference "firebase-ios-sdk" */;
			productName = FirebaseFirestore;
		};
		D5936A952BECDF6F00D28A6F /* FirebaseFirestoreSwift */ = {
			isa = XCSwiftPackageProductDependency;
			package = D5936A902BECDF6F00D28A6F /* XCRemoteSwiftPackageReference "firebase-ios-sdk" */;
			productName = FirebaseFirestoreSwift;
		};
		D5936A972BECDF6F00D28A6F /* FirebaseStorage */ = {
			isa = XCSwiftPackageProductDependency;
			package = D5936A902BECDF6F00D28A6F /* XCRemoteSwiftPackageReference "firebase-ios-sdk" */;
			productName = FirebaseStorage;
		};
/* End XCSwiftPackageProductDependency section */
	};
	rootObject = D5936A4F2BE1BBDD00D28A6F /* Project object */;
}
